{
  "version": 4,
  "terraform_version": "1.4.6",
  "serial": 21,
  "lineage": "091979dc-6cf0-2d8e-fbec-e0d775d6a0b9",
  "outputs": {
    "aws_ec2_instances": {
      "value": {
        "ami": "ubuntu-afedgsjj52",
        "instances": 4,
        "keys": [
          "key1.pem",
          "key2.pem"
        ],
        "name": "test_ec2_instance"
      },
      "type": [
        "object",
        {
          "ami": "string",
          "instances": "number",
          "keys": [
            "list",
            "string"
          ],
          "name": "string"
        }
      ]
    },
    "devops_op_trainer": {
      "value": "pragas_dev",
      "type": "string"
    },
    "tf_batch_student": {
      "value": 50,
      "type": "number"
    }
  },
  "resources": [
    {
      "mode": "managed",
      "type": "local_file",
      "name": "devops",
      "provider": "provider[\"registry.terraform.io/hashicorp/local\"]",
      "instances": [
        {
          "schema_version": 0,
          "attributes": {
            "content": "This is content 1",
            "content_base64": null,
            "content_base64sha256": "Y9xjveI2GuimCtbLeVdCBnR9C/JlrTK+aLiHFo+/OoU=",
            "content_base64sha512": "OAna4qv8meq0GKKOu5+pAYLpwiaS70DhyGRBFw1CBSFdPFoRtKY2Bv6oLPum9wH9sTwQ7gss4FjM1F11iKwcqw==",
            "content_md5": "626d6c5cacb7296c1647f9fd2db78f7e",
            "content_sha1": "67923c71681d586b706a5e6d43334f0a9270e880",
            "content_sha256": "63dc63bde2361ae8a60ad6cb79574206747d0bf265ad32be68b887168fbf3a85",
            "content_sha512": "3809dae2abfc99eab418a28ebb9fa90182e9c22692ef40e1c86441170d4205215d3c5a11b4a63606fea82cfba6f701fdb13c10ee0b2ce058ccd45d7588ac1cab",
            "directory_permission": "0777",
            "file_permission": "0777",
            "filename": "/home/pragas/terraform/terraform-variables/file_1.txt",
            "id": "67923c71681d586b706a5e6d43334f0a9270e880",
            "sensitive_content": null,
            "source": null
          },
          "sensitive_attributes": []
        }
      ]
    },
    {
      "mode": "managed",
      "type": "local_file",
      "name": "devops-var",
      "provider": "provider[\"registry.terraform.io/hashicorp/local\"]",
      "instances": [
        {
          "schema_version": 0,
          "attributes": {
            "content": "This is content 2",
            "content_base64": null,
            "content_base64sha256": "Sk6UD1ljpxzRdCbsITq/QYC/NBZ5OQljhAFwjrMEQKs=",
            "content_base64sha512": "Q/Fzux3kGabgUe4uHw9AmecO3rptlCIdkmaltifup/6tGZN0+d83JCwQnMW3pajbZavzZs6UQ7Mc0pLTdAK37g==",
            "content_md5": "931f9b19bb87635908669b6d2ca69d42",
            "content_sha1": "fd6fce3212fb22bf5e7fe0b2b67e742bf06aee74",
            "content_sha256": "4a4e940f5963a71cd17426ec213abf4180bf3416793909638401708eb30440ab",
            "content_sha512": "43f173bb1de419a6e051ee2e1f0f4099e70edeba6d94221d9266a5b627eea7fead199374f9df37242c109cc5b7a5a8db65abf366ce9443b31cd292d37402b7ee",
            "directory_permission": "0777",
            "file_permission": "0777",
            "filename": "/home/pragas/terraform/terraform-variables/file_2.txt",
            "id": "fd6fce3212fb22bf5e7fe0b2b67e742bf06aee74",
            "sensitive_content": null,
            "source": null
          },
          "sensitive_attributes": []
        }
      ]
    }
  ],
  "check_results": null
}
